lockfileVersion: 5.3

specifiers:
  '@thaldrin/sourcefinder': ^1.0.3
  '@types/express': ^4.17.13
  '@types/js-yaml': ^4.0.3
  '@types/node': ^16.11.0
  '@types/ws': ^8.2.0
  axios: ^0.23.0
  discord.js: ^13.2.0
  js-yaml: ^4.1.0
  module-alias: ^2.2.2
  revolt-api: ^0.5.3-alpha.0-patch.0
  revolt.js: ^5.1.0-alpha.0-patch.0
  typescript: ^4.4.3
  wavy: ^1.0.4

dependencies:
  '@thaldrin/sourcefinder': 1.0.3
  '@types/node': 16.11.0
  '@types/ws': 8.2.0
  axios: 0.23.0
  discord.js: 13.2.0
  js-yaml: 4.1.0
  module-alias: 2.2.2
  revolt-api: 0.5.3-alpha.0-patch.0
  revolt.js: 5.1.0-alpha.0-patch.0_typescript@4.4.3
  wavy: 1.0.4

devDependencies:
  '@types/express': 4.17.13
  '@types/js-yaml': 4.0.3
  typescript: 4.4.3

packages:

  /@discordjs/builders/0.6.0:
    resolution: {integrity: sha512-mH3Gx61LKk2CD05laCI9K5wp+a3NyASHDUGx83DGJFkqJlRlSV5WMJNY6RS37A5SjqDtGMF4wVR9jzFaqShe6Q==}
    engines: {node: '>=14.0.0', npm: '>=7.0.0'}
    dependencies:
      '@sindresorhus/is': 4.1.0
      discord-api-types: 0.22.0
      ow: 0.27.0
      ts-mixer: 6.0.0
      tslib: 2.3.1
    dev: false

  /@discordjs/collection/0.2.1:
    resolution: {integrity: sha512-vhxqzzM8gkomw0TYRF3tgx7SwElzUlXT/Aa41O7mOcyN6wIJfj5JmDWaO5XGKsGSsNx7F3i5oIlrucCCWV1Nog==}
    engines: {node: '>=14.0.0'}
    dev: false

  /@discordjs/form-data/3.0.1:
    resolution: {integrity: sha512-ZfFsbgEXW71Rw/6EtBdrP5VxBJy4dthyC0tpQKGKmYFImlmmrykO14Za+BiIVduwjte0jXEBlhSKf0MWbFp9Eg==}
    engines: {node: '>= 6'}
    dependencies:
      asynckit: 0.4.0
      combined-stream: 1.0.8
      mime-types: 2.1.32
    dev: false

  /@sapphire/async-queue/1.1.7:
    resolution: {integrity: sha512-EBRERa9NqK/EV6DIPBVtjjdHBsu/DSdMuYAydmoIyIPONzp0UAxf2G6JGJ52WkiONtPRx6KNuqB5Q8dm14fwyw==}
    engines: {node: '>=v14.0.0', npm: '>=7.0.0'}
    dev: false

  /@sindresorhus/is/4.1.0:
    resolution: {integrity: sha512-Cgva8HxclecUCmAImsWsbZGUh6p5DSzQ8l2Uzxuj9ANiD7LVhLM1UJ2hX/R2Y+ILpvqgW9QjmTCaBkXtj8+UOg==}
    engines: {node: '>=10'}
    dev: false

  /@thaldrin/sourcefinder/1.0.3:
    resolution: {integrity: sha512-/RhCiAUpV18lqtPwqNHtrxyJOXXmtsbLsgTpvYb4yg5x08IrqiF0KZ5mapGIO1kTnV029UPe/Sj+DYqDUdvKEQ==}
    dependencies:
      axios: 0.21.4
    transitivePeerDependencies:
      - debug
    dev: false

  /@types/body-parser/1.19.1:
    resolution: {integrity: sha512-a6bTJ21vFOGIkwM0kzh9Yr89ziVxq4vYH2fQ6N8AeipEzai/cFK6aGMArIkUeIdRIgpwQa+2bXiLuUJCpSf2Cg==}
    dependencies:
      '@types/connect': 3.4.35
      '@types/node': 16.9.1
    dev: true

  /@types/connect/3.4.35:
    resolution: {integrity: sha512-cdeYyv4KWoEgpBISTxWvqYsVy444DOqehiF3fM3ne10AmJ62RSyNkUnxMJXHQWRQQX2eR94m5y1IZyDwBjV9FQ==}
    dependencies:
      '@types/node': 16.9.1
    dev: true

  /@types/express-serve-static-core/4.17.24:
    resolution: {integrity: sha512-3UJuW+Qxhzwjq3xhwXm2onQcFHn76frIYVbTu+kn24LFxI+dEhdfISDFovPB8VpEgW8oQCTpRuCe+0zJxB7NEA==}
    dependencies:
      '@types/node': 16.9.1
      '@types/qs': 6.9.7
      '@types/range-parser': 1.2.4
    dev: true

  /@types/express/4.17.13:
    resolution: {integrity: sha512-6bSZTPaTIACxn48l50SR+axgrqm6qXFIxrdAKaG6PaJk3+zuUr35hBlgT7vOmJcum+OEaIBLtHV/qloEAFITeA==}
    dependencies:
      '@types/body-parser': 1.19.1
      '@types/express-serve-static-core': 4.17.24
      '@types/qs': 6.9.7
      '@types/serve-static': 1.13.10
    dev: true

  /@types/js-yaml/4.0.3:
    resolution: {integrity: sha512-5t9BhoORasuF5uCPr+d5/hdB++zRFUTMIZOzbNkr+jZh3yQht4HYbRDyj9fY8n2TZT30iW9huzav73x4NikqWg==}
    dev: true

  /@types/mime/1.3.2:
    resolution: {integrity: sha512-YATxVxgRqNH6nHEIsvg6k2Boc1JHI9ZbH5iWFFv/MTkchz3b1ieGDa5T0a9RznNdI0KhVbdbWSN+KWWrQZRxTw==}
    dev: true

  /@types/node/16.11.0:
    resolution: {integrity: sha512-8MLkBIYQMuhRBQzGN9875bYsOhPnf/0rgXGo66S2FemHkhbn9qtsz9ywV1iCG+vbjigE4WUNVvw37Dx+L0qsPg==}
    dev: false

  /@types/node/16.9.1:
    resolution: {integrity: sha512-QpLcX9ZSsq3YYUUnD3nFDY8H7wctAhQj/TFKL8Ya8v5fMm3CFXxo8zStsLAl780ltoYoo1WvKUVGBQK+1ifr7g==}
    dev: true

  /@types/qs/6.9.7:
    resolution: {integrity: sha512-FGa1F62FT09qcrueBA6qYTrJPVDzah9a+493+o2PCXsesWHIn27G98TsSMs3WPNbZIEj4+VJf6saSFpvD+3Zsw==}
    dev: true

  /@types/range-parser/1.2.4:
    resolution: {integrity: sha512-EEhsLsD6UsDM1yFhAvy0Cjr6VwmpMWqFBCb9w07wVugF7w9nfajxLuVmngTIpgS6svCnm6Vaw+MZhoDCKnOfsw==}
    dev: true

  /@types/serve-static/1.13.10:
    resolution: {integrity: sha512-nCkHGI4w7ZgAdNkrEu0bv+4xNV/XDqW+DydknebMOQwkpDGx8G+HTlj7R7ABI8i8nKxVw0wtKPi1D+lPOkh4YQ==}
    dependencies:
      '@types/mime': 1.3.2
      '@types/node': 16.9.1
    dev: true

  /@types/ws/8.2.0:
    resolution: {integrity: sha512-cyeefcUCgJlEk+hk2h3N+MqKKsPViQgF5boi9TTHSK+PoR9KWBb/C5ccPcDyAqgsbAYHTwulch725DV84+pSpg==}
    dependencies:
      '@types/node': 16.11.0
    dev: false

  /ansi-regex/5.0.0:
    resolution: {integrity: sha512-bY6fj56OUQ0hU1KjFNDQuJFezqKdrAyFdIevADiqrWHwSlbmBNMHp5ak2f40Pm8JTFyM2mqxkG6ngkHO11f/lg==}
    engines: {node: '>=8'}
    dev: false

  /argparse/2.0.1:
    resolution: {integrity: sha512-8+9WqebbFzpX9OR+Wa6O29asIogeRMzcGtAINdpMHHyAg10f05aSFVBbcEqGf/PXw1EjAZ+q2/bEBg3DvurK3Q==}
    dev: false

  /asynckit/0.4.0:
    resolution: {integrity: sha1-x57Zf380y48robyXkLzDZkdLS3k=}
    dev: false

  /axios/0.19.2:
    resolution: {integrity: sha512-fjgm5MvRHLhx+osE2xoekY70AhARk3a6hkN+3Io1jc00jtquGvxYlKlsFUhmUET0V5te6CcZI7lcv2Ym61mjHA==}
    deprecated: Critical security vulnerability fixed in v0.21.1. For more information, see https://github.com/axios/axios/pull/3410
    dependencies:
      follow-redirects: 1.5.10
    dev: false

  /axios/0.21.4:
    resolution: {integrity: sha512-ut5vewkiu8jjGBdqpM44XxjuCjq9LAKeHVmoVfHVzy8eHgxxq8SbAVQNovDA8mVi05kP0Ea/n/UzcSHcTJQfNg==}
    dependencies:
      follow-redirects: 1.14.4
    transitivePeerDependencies:
      - debug
    dev: false

  /axios/0.23.0:
    resolution: {integrity: sha512-NmvAE4i0YAv5cKq8zlDoPd1VLKAqX5oLuZKs8xkJa4qi6RGn0uhCYFjWtHHC9EM/MwOwYWOs53W+V0aqEXq1sg==}
    dependencies:
      follow-redirects: 1.14.4
    transitivePeerDependencies:
      - debug
    dev: false

  /callsites/3.1.0:
    resolution: {integrity: sha512-P8BjAsXvZS+VIDUI11hHCQEv74YT67YUi5JJFNWIqL235sBmjX4+qx9Muvls5ivyNENctx46xQLQ3aTuE7ssaQ==}
    engines: {node: '>=6'}
    dev: false

  /combined-stream/1.0.8:
    resolution: {integrity: sha512-FQN4MRfuJeHf7cBbBMJFXhKSDq+2kAArBlmRBvcvFE5BB1HZKXtSFASDhdlz9zOYwxh8lDdnvmMOe/+5cdoEdg==}
    engines: {node: '>= 0.8'}
    dependencies:
      delayed-stream: 1.0.0
    dev: false

  /cross-spawn/7.0.3:
    resolution: {integrity: sha512-iRDPJKUPVEND7dHPO8rkbOnPpyDygcDFtWjpeWNCgy8WP2rXcxXL8TskReQl6OrB2G7+UJrags1q15Fudc7G6w==}
    engines: {node: '>= 8'}
    dependencies:
      path-key: 3.1.1
      shebang-command: 2.0.0
      which: 2.0.2
    dev: false

  /debug/3.1.0:
    resolution: {integrity: sha512-OX8XqP7/1a9cqkxYw2yXss15f26NKWBpDXQd0/uK/KPqdQhxbPa994hnzjcE2VqQpDslf55723cKPUOGSmMY3g==}
    dependencies:
      ms: 2.0.0
    dev: false

  /delayed-stream/1.0.0:
    resolution: {integrity: sha1-3zrhmayt+31ECqrgsp4icrJOxhk=}
    engines: {node: '>=0.4.0'}
    dev: false

  /discord-api-types/0.22.0:
    resolution: {integrity: sha512-l8yD/2zRbZItUQpy7ZxBJwaLX/Bs2TGaCthRppk8Sw24LOIWg12t9JEreezPoYD0SQcC2htNNo27kYEpYW/Srg==}
    engines: {node: '>=12'}
    dev: false

  /discord-api-types/0.23.1:
    resolution: {integrity: sha512-igWmn+45mzXRWNEPU25I/pr8MwxHb767wAr51oy3VRLRcTlp5ADBbrBR0lq3SA1Rfw3MtM4TQu1xo3kxscfVdQ==}
    engines: {node: '>=12'}
    dev: false

  /discord.js/13.2.0:
    resolution: {integrity: sha512-nyxUvL8wuQG38zx13wUMkpcA8koFszyiXdkSLwwM9opKW2LC2H5gD0cTZxImeJ6GtEnKPWT8xBiE8lLBmbNIhw==}
    engines: {node: '>=16.6.0', npm: '>=7.0.0'}
    dependencies:
      '@discordjs/builders': 0.6.0
      '@discordjs/collection': 0.2.1
      '@discordjs/form-data': 3.0.1
      '@sapphire/async-queue': 1.1.7
      '@types/ws': 8.2.0
      discord-api-types: 0.23.1
      node-fetch: 2.6.2
      ws: 8.2.3
    transitivePeerDependencies:
      - bufferutil
      - utf-8-validate
    dev: false

  /dot-prop/6.0.1:
    resolution: {integrity: sha512-tE7ztYzXHIeyvc7N+hR3oi7FIbf/NIjVP9hmAt3yMXzrQ072/fpjGLx2GxNxGxUl5V73MEqYzioOMoVhGMJ5cA==}
    engines: {node: '>=10'}
    dependencies:
      is-obj: 2.0.0
    dev: false

  /duplexer/0.1.2:
    resolution: {integrity: sha512-jtD6YG370ZCIi/9GTaJKQxWTZD045+4R4hTk/x1UyoqadyJ9x9CgSi1RlVDQF8U2sxLLSnFkCaMihqljHIWgMg==}
    dev: false

  /event-stream/3.3.4:
    resolution: {integrity: sha1-SrTJoPWlTbkzi0w02Gv86PSzVXE=}
    dependencies:
      duplexer: 0.1.2
      from: 0.1.7
      map-stream: 0.1.0
      pause-stream: 0.0.11
      split: 0.3.3
      stream-combiner: 0.0.4
      through: 2.3.8
    dev: false

  /eventemitter3/4.0.7:
    resolution: {integrity: sha512-8guHBZCwKnFhYdHr2ysuRWErTwhoN2X8XELRlrRwpmfeY2jjuUN4taQMsULKUVo1K4DvZl+0pgfyoysHxvmvEw==}
    dev: false

  /exponential-backoff/3.1.0:
    resolution: {integrity: sha512-oBuz5SYz5zzyuHINoe9ooePwSu0xApKWgeNzok4hZ5YKXFh9zrQBEM15CXqoZkJJPuI2ArvqjPQd8UKJA753XA==}
    dev: false

  /follow-redirects/1.14.4:
    resolution: {integrity: sha512-zwGkiSXC1MUJG/qmeIFH2HBJx9u0V46QGUe3YR1fXG8bXQxq7fLj0RjLZQ5nubr9qNJUZrH+xUcwXEoXNpfS+g==}
    engines: {node: '>=4.0'}
    peerDependencies:
      debug: '*'
    peerDependenciesMeta:
      debug:
        optional: true
    dev: false

  /follow-redirects/1.5.10:
    resolution: {integrity: sha512-0V5l4Cizzvqt5D44aTXbFZz+FtyXV1vrDN6qrelxtfYQKW0KO0W2T/hkE8xvGa/540LkZlkaUjO4ailYTFtHVQ==}
    engines: {node: '>=4.0'}
    dependencies:
      debug: 3.1.0
    dev: false

  /from/0.1.7:
    resolution: {integrity: sha1-g8YK/Fi5xWmXAH7Rp2izqzA6RP4=}
    dev: false

  /is-obj/2.0.0:
    resolution: {integrity: sha512-drqDG3cbczxxEJRoOXcOjtdp1J/lyp1mNn0xaznRs8+muBhgQcrnbspox5X5fOw0HnMnbfDzvnEMEtqDEJEo8w==}
    engines: {node: '>=8'}
    dev: false

  /isexe/2.0.0:
    resolution: {integrity: sha1-6PvzdNxVb/iUehDcsFctYz8s+hA=}
    dev: false

  /isomorphic-ws/4.0.1_ws@7.5.5:
    resolution: {integrity: sha512-BhBvN2MBpWTaSHdWRb/bwdZJ1WaehQ2L1KngkCkfLUGF0mAWAT1sQUQacEmQ0jXkFw/czDXPNQSL5u2/Krsz1w==}
    peerDependencies:
      ws: '*'
    dependencies:
      ws: 7.5.5
    dev: false

  /js-yaml/4.1.0:
    resolution: {integrity: sha512-wpxZs9NoxZaJESJGIZTyDEaYpl0FKSA+FB9aJiyemKhMwkxQg63h4T1KJgUGHpTqPDNRcmmYLugrRjJlBtWvRA==}
    hasBin: true
    dependencies:
      argparse: 2.0.1
    dev: false

  /lodash.defaultsdeep/4.6.1:
    resolution: {integrity: sha512-3j8wdDzYuWO3lM3Reg03MuQR957t287Rpcxp1njpEa8oDrikb+FwGdW3n+FELh/A6qib6yPit0j/pv9G/yeAqA==}
    dev: false

  /lodash.isequal/4.5.0:
    resolution: {integrity: sha1-QVxEePK8wwEgwizhDtMib30+GOA=}
    dev: false

  /map-stream/0.1.0:
    resolution: {integrity: sha1-5WqpTEyAVaFkBKBnS3jyFffI4ZQ=}
    dev: false

  /mime-db/1.49.0:
    resolution: {integrity: sha512-CIc8j9URtOVApSFCQIF+VBkX1RwXp/oMMOrqdyXSBXq5RWNEsRfyj1kiRnQgmNXmHxPoFIxOroKA3zcU9P+nAA==}
    engines: {node: '>= 0.6'}
    dev: false

  /mime-types/2.1.32:
    resolution: {integrity: sha512-hJGaVS4G4c9TSMYh2n6SQAGrC4RnfU+daP8G7cSCmaqNjiOoUY0VHCMS42pxnQmVF1GWwFhbHWn3RIxCqTmZ9A==}
    engines: {node: '>= 0.6'}
    dependencies:
      mime-db: 1.49.0
    dev: false

  /mobx/6.3.3:
    resolution: {integrity: sha512-JoNU50rO6d1wHwKPJqKq4rmUMbYnI9CsJmBo+Cu4exBYenFvIN77LWrZENpzW6reZPADtXMmB1DicbDSfy8Clw==}
    dev: false

  /module-alias/2.2.2:
    resolution: {integrity: sha512-A/78XjoX2EmNvppVWEhM2oGk3x4lLxnkEA4jTbaK97QKSDjkIoOsKQlfylt/d3kKKi596Qy3NP5XrXJ6fZIC9Q==}
    dev: false

  /ms/2.0.0:
    resolution: {integrity: sha1-VgiurfwAvmwpAd9fmGF4jeDVl8g=}
    dev: false

  /node-cleanup/2.1.2:
    resolution: {integrity: sha1-esGavSl+Caf3KnFUXZUbUX5N3iw=}
    dev: false

  /node-fetch/2.6.2:
    resolution: {integrity: sha512-aLoxToI6RfZ+0NOjmWAgn9+LEd30YCkJKFSyWacNZdEKTit/ZMcKjGkTRo8uWEsnIb/hfKecNPEbln02PdWbcA==}
    engines: {node: 4.x || >=6.0.0}
    dev: false

  /ow/0.27.0:
    resolution: {integrity: sha512-SGnrGUbhn4VaUGdU0EJLMwZWSupPmF46hnTRII7aCLCrqixTAC5eKo8kI4/XXf1eaaI8YEVT+3FeGNJI9himAQ==}
    engines: {node: '>=12'}
    dependencies:
      '@sindresorhus/is': 4.1.0
      callsites: 3.1.0
      dot-prop: 6.0.1
      lodash.isequal: 4.5.0
      type-fest: 1.4.0
      vali-date: 1.0.0
    dev: false

  /path-key/3.1.1:
    resolution: {integrity: sha512-ojmeN0qd+y0jszEtoY48r0Peq5dwMEkIlCOu6Q5f41lfkswXuKtYrhgoTpLnyIcHm24Uhqx+5Tqm2InSwLhE6Q==}
    engines: {node: '>=8'}
    dev: false

  /pause-stream/0.0.11:
    resolution: {integrity: sha1-/lo0sMvOErWqaitAPuLnO2AvFEU=}
    dependencies:
      through: 2.3.8
    dev: false

  /ps-tree/1.2.0:
    resolution: {integrity: sha512-0VnamPPYHl4uaU/nSFeZZpR21QAWRz+sRv4iW9+v/GS/J5U5iZB5BNN6J0RMoOvdx2gWM2+ZFMIm58q24e4UYA==}
    engines: {node: '>= 0.10'}
    hasBin: true
    dependencies:
      event-stream: 3.3.4
    dev: false

  /revolt-api/0.5.3-alpha.0-patch.0:
    resolution: {integrity: sha512-76l+kGyrUy6uGMSIziyAHE27r9gD97OEh5gSzb2OJRsQM55TN0NurAsfFIEiB9hUzDDlwsXchtJiqdS4UVAwQw==}
    dev: false

  /revolt.js/5.1.0-alpha.0-patch.0_typescript@4.4.3:
    resolution: {integrity: sha512-om61mNeVWiGc6+XFPpK2YM6i6QSOT3f5prhVyM78BcZZ5U2L39SWBN3S7ycAsr8g4Q9pPLv50qYwnsMjxe4P/A==}
    dependencies:
      axios: 0.19.2
      eventemitter3: 4.0.7
      exponential-backoff: 3.1.0
      isomorphic-ws: 4.0.1_ws@7.5.5
      lodash.defaultsdeep: 4.6.1
      lodash.isequal: 4.5.0
      mobx: 6.3.3
      tsc-watch: 4.5.0_typescript@4.4.3
      ulid: 2.3.0
      ws: 7.5.5
    transitivePeerDependencies:
      - bufferutil
      - typescript
      - utf-8-validate
    dev: false

  /shebang-command/2.0.0:
    resolution: {integrity: sha512-kHxr2zZpYtdmrN1qDjrrX/Z1rR1kG8Dx+gkpK1G4eXmvXswmcE1hTWBWYUzlraYw1/yZp6YuDY77YtvbN0dmDA==}
    engines: {node: '>=8'}
    dependencies:
      shebang-regex: 3.0.0
    dev: false

  /shebang-regex/3.0.0:
    resolution: {integrity: sha512-7++dFhtcx3353uBaq8DDR4NuxBetBzC7ZQOhmTQInHEd6bSrXdiEyzCvG07Z44UYdLShWUyXt5M/yhz8ekcb1A==}
    engines: {node: '>=8'}
    dev: false

  /split/0.3.3:
    resolution: {integrity: sha1-zQ7qXmOiEd//frDwkcQTPi0N0o8=}
    dependencies:
      through: 2.3.8
    dev: false

  /stream-combiner/0.0.4:
    resolution: {integrity: sha1-TV5DPBhSYd3mI8o/RMWGvPXErRQ=}
    dependencies:
      duplexer: 0.1.2
    dev: false

  /string-argv/0.1.2:
    resolution: {integrity: sha512-mBqPGEOMNJKXRo7z0keX0wlAhbBAjilUdPW13nN0PecVryZxdHIeM7TqbsSUA7VYuS00HGC6mojP7DlQzfa9ZA==}
    engines: {node: '>=0.6.19'}
    dev: false

  /strip-ansi/6.0.0:
    resolution: {integrity: sha512-AuvKTrTfQNYNIctbR1K/YGTR1756GycPsg7b9bdV9Duqur4gv6aKqHXah67Z8ImS7WEz5QVcOtlfW2rZEugt6w==}
    engines: {node: '>=8'}
    dependencies:
      ansi-regex: 5.0.0
    dev: false

  /through/2.3.8:
    resolution: {integrity: sha1-DdTJ/6q8NXlgsbckEV1+Doai4fU=}
    dev: false

  /ts-mixer/6.0.0:
    resolution: {integrity: sha512-nXIb1fvdY5CBSrDIblLn73NW0qRDk5yJ0Sk1qPBF560OdJfQp9jhl+0tzcY09OZ9U+6GpeoI9RjwoIKFIoB9MQ==}
    dev: false

  /tsc-watch/4.5.0_typescript@4.4.3:
    resolution: {integrity: sha512-aXhN4jY+1YEcn/NwCQ/+fHqU43EqOpW+pS+933EPsVEsrKhvyrodPDIjQsk1a1niFrabAK3RIBrRbAslVefEbQ==}
    engines: {node: '>=8.17.0'}
    hasBin: true
    peerDependencies:
      typescript: '*'
    dependencies:
      cross-spawn: 7.0.3
      node-cleanup: 2.1.2
      ps-tree: 1.2.0
      string-argv: 0.1.2
      strip-ansi: 6.0.0
      typescript: 4.4.3
    dev: false

  /tslib/2.3.1:
    resolution: {integrity: sha512-77EbyPPpMz+FRFRuAFlWMtmgUWGe9UOG2Z25NqCwiIjRhOf5iKGuzSe5P2w1laq+FkRy4p+PCuVkJSGkzTEKVw==}
    dev: false

  /type-fest/1.4.0:
    resolution: {integrity: sha512-yGSza74xk0UG8k+pLh5oeoYirvIiWo5t0/o3zHHAO2tRDiZcxWP7fywNlXhqb6/r6sWvwi+RsyQMWhVLe4BVuA==}
    engines: {node: '>=10'}
    dev: false

  /typescript/4.4.3:
    resolution: {integrity: sha512-4xfscpisVgqqDfPaJo5vkd+Qd/ItkoagnHpufr+i2QCHBsNYp+G7UAoyFl8aPtx879u38wPV65rZ8qbGZijalA==}
    engines: {node: '>=4.2.0'}
    hasBin: true
    dev: true

  /ulid/2.3.0:
    resolution: {integrity: sha512-keqHubrlpvT6G2wH0OEfSW4mquYRcbe/J8NMmveoQOjUqmo+hXtO+ORCpWhdbZ7k72UtY61BL7haGxW6enBnjw==}
    hasBin: true
    dev: false

  /vali-date/1.0.0:
    resolution: {integrity: sha1-G5BKWWCfsyjvB4E4Qgk09rhnCaY=}
    engines: {node: '>=0.10.0'}
    dev: false

  /wavy/1.0.4:
    resolution: {integrity: sha1-oosfBxwjHhtm0cr8rGA4zAOECDw=}
    requiresBuild: true
    dev: false

  /which/2.0.2:
    resolution: {integrity: sha512-BLI3Tl1TW3Pvl70l3yq3Y64i+awpwXqsGBYWkkqMtnbXgrMD+yj7rhW0kuEDxzJaYXGjEW5ogapKNMEKNMjibA==}
    engines: {node: '>= 8'}
    hasBin: true
    dependencies:
      isexe: 2.0.0
    dev: false

  /ws/7.5.5:
    resolution: {integrity: sha512-BAkMFcAzl8as1G/hArkxOxq3G7pjUqQ3gzYbLL0/5zNkph70e+lCoxBGnm6AW1+/aiNeV4fnKqZ8m4GZewmH2w==}
    engines: {node: '>=8.3.0'}
    peerDependencies:
      bufferutil: ^4.0.1
      utf-8-validate: ^5.0.2
    peerDependenciesMeta:
      bufferutil:
        optional: true
      utf-8-validate:
        optional: true
    dev: false

  /ws/8.2.3:
    resolution: {integrity: sha512-wBuoj1BDpC6ZQ1B7DWQBYVLphPWkm8i9Y0/3YdHjHKHiohOJ1ws+3OccDWtH+PoC9DZD5WOTrJvNbWvjS6JWaA==}
    engines: {node: '>=10.0.0'}
    peerDependencies:
      bufferutil: ^4.0.1
      utf-8-validate: ^5.0.2
    peerDependenciesMeta:
      bufferutil:
        optional: true
      utf-8-validate:
        optional: true
    dev: false
